Microsoft Visual Studio Solution File, Format Version 12.00
# Visual Studio Version 17
VisualStudioVersion = 17.5.2.0
MinimumVisualStudioVersion = 10.0.40219.1
Project("{FAE04EC0-301F-11D3-BF4B-00C04F79EFBC}") = "RandomGameRounds", "RandomGameRounds.csproj", "{516F2D9D-B59F-7A09-C880-C92126443E29}"
EndProject
Global
	GlobalSection(SolutionConfigurationPlatforms) = preSolution
		Debug|Any CPU = Debug|Any CPU
		Release|Any CPU = Release|Any CPU
	EndGlobalSection
	GlobalSection(ProjectConfigurationPlatforms) = postSolution
		{516F2D9D-B59F-7A09-C880-C92126443E29}.Debug|Any CPU.ActiveCfg = Debug|Any CPU
		{516F2D9D-B59F-7A09-C880-C92126443E29}.Debug|Any CPU.Build.0 = Debug|Any CPU
		{516F2D9D-B59F-7A09-C880-C92126443E29}.Release|Any CPU.ActiveCfg = Release|Any CPU
		{516F2D9D-B59F-7A09-C880-C92126443E29}.Release|Any CPU.Build.0 = Release|Any CPU
	EndGlobalSection
	GlobalSection(SolutionProperties) = preSolution
		HideSolutionNode = FALSE
	EndGlobalSection
	GlobalSection(ExtensibilityGlobals) = postSolution
		SolutionGuid = {56BE69D5-640E-4AD1-95ED-D99CEADC31BC}
	EndGlobalSection
EndGlobal
